
Microsoft Visual Studio Solution File, Format Version 12.00
# Visual Studio Version 17
VisualStudioVersion = 17.4.33213.308
MinimumVisualStudioVersion = 10.0.40219.1
Project("{FAE04EC0-301F-11D3-BF4B-00C04F79EFBC}") = "RazorInputPages", "RazorInputPages\RazorInputPages.csproj", "{81DF7C14-FDAB-4F94-9429-091BDF6007B5}"
EndProject
Global
	GlobalSection(SolutionConfigurationPlatforms) = preSolution
		Debug|Any CPU = Debug|Any CPU
		Release|Any CPU = Release|Any CPU
	EndGlobalSection
	GlobalSection(ProjectConfigurationPlatforms) = postSolution
		{81DF7C14-FDAB-4F94-9429-091BDF6007B5}.Debug|Any CPU.ActiveCfg = Debug|Any CPU
		{81DF7C14-FDAB-4F94-9429-091BDF6007B5}.Debug|Any CPU.Build.0 = Debug|Any CPU
		{81DF7C14-FDAB-4F94-9429-091BDF6007B5}.Release|Any CPU.ActiveCfg = Release|Any CPU
		{81DF7C14-FDAB-4F94-9429-091BDF6007B5}.Release|Any CPU.Build.0 = Release|Any CPU
	EndGlobalSection
	GlobalSection(SolutionProperties) = preSolution
		HideSolutionNode = FALSE
	EndGlobalSection
	GlobalSection(ExtensibilityGlobals) = postSolution
		SolutionGuid = {4D8EC493-83CF-4CAD-BC60-28F25D986BB2}
	EndGlobalSection
EndGlobal
